name: lock

on:
    # workflow_dispatch exists for the test harness: expected-failure cases are
    # dispatched as throwaway runs whose conclusion is asserted (and the runs
    # deleted) by .github/workflows/test-shared-lock.yml.
    workflow_dispatch:
        inputs:
            enabled:
                description: "Whether to run the lock job (useful for matrix filtering, default: true)"
                required: false
                type: boolean
                default: true
            key:
                description: "Key to lock (e.g., dev, staging, prod)"
                required: true
                type: string
            key_prefix:
                description: "Prefix for the lock key (e.g., 'hotfix/', 'feature/'). Leave empty for no prefix"
                required: false
                type: string
                default: ""
            key_owner:
                description: "Key owner identifier (e.g., PR number, SHA, run ID)"
                required: true
                type: string
            job_name:
                description: "Custom name for the lock job"
                required: false
                type: string
            check_owner_after_lock:
                description: "Whether to check lock ownership after acquiring lock (check-lock-check pattern)"
                required: false
                type: boolean
                default: true
            delay_check_owner_after_lock_in_sec:
                description: "Delay in seconds before checking lock ownership after acquiring lock"
                required: false
                type: number
                default: 5
            wait_for_lock_timeout_in_sec:
                description: "Max seconds to wait for the lock (polling every wait_for_lock_poll_interval_in_sec). 0 = fail fast if locked"
                required: false
                type: number
                default: 0
            wait_for_lock_poll_interval_in_sec:
                description: "Seconds between lock acquisition attempts while waiting"
                required: false
                type: number
                default: 10
            upload_result_artifact:
                description: "Whether to upload lock result as an artifact (useful for matrix aggregation)"
                required: false
                type: boolean
                default: false
    workflow_call:
        inputs:
            enabled:
                description: "Whether to run the lock job (useful for matrix filtering, default: true)"
                required: false
                type: boolean
                default: true
            key:
                description: "Key to lock (e.g., dev, staging, prod)"
                required: true
                type: string
            key_prefix:
                description: "Prefix for the lock key (e.g., 'hotfix/', 'feature/'). Leave empty for no prefix"
                required: false
                type: string
                default: ""
            key_owner:
                description: "Key owner identifier (e.g., PR number, SHA, run ID)"
                required: true
                type: string
            job_name:
                description: "Custom name for the lock job"
                required: false
                type: string
            check_owner_after_lock:
                description: "Whether to check lock ownership after acquiring lock (check-lock-check pattern)"
                required: false
                type: boolean
                default: true
            delay_check_owner_after_lock_in_sec:
                description: "Delay in seconds before checking lock ownership after acquiring lock"
                required: false
                type: number
                default: 5
            wait_for_lock_timeout_in_sec:
                description: "Max seconds to wait for the lock (polling every wait_for_lock_poll_interval_in_sec). 0 = fail fast if locked"
                required: false
                type: number
                default: 0
            wait_for_lock_poll_interval_in_sec:
                description: "Seconds between lock acquisition attempts while waiting"
                required: false
                type: number
                default: 10
            upload_result_artifact:
                description: "Whether to upload lock result as an artifact (useful for matrix aggregation)"
                required: false
                type: boolean
                default: false
        outputs:
            lock_status:
                description: "Lock status for this key (NOTE: with matrix, only last instance's output is returned)"
                value: ${{ jobs.lock.outputs.lock_status }}
            superseded:
                description: "True when this run was no longer the head of its ref, so lock+deploy were skipped"
                value: ${{ jobs.lock.outputs.superseded }}

permissions:
    contents: write

jobs:
    lock:
        name: ${{ inputs.job_name || 'lock' }}
        if: inputs.enabled == true
        runs-on: ubuntu-latest
        # Queue same-lineage deploys (same key + same ref) instead of racing them.
        # The git-branch lock below handles cross-lineage (different ref) contention.
        # github.ref resolves in the caller's context, so queued runs wait per caller ref.
        concurrency:
            group: lock-${{ inputs.key_prefix }}${{ inputs.key }}-${{ github.ref }}
            cancel-in-progress: false
        steps:
            # If this run is no longer the head of its ref, a newer run was pushed while
            # this one queued. Deploying an obsolete commit is a no-op: exit green and
            # let the newer run take over (never cancel an in-flight apply).
            # Skipped on PR merge refs: GitHub regenerates refs/pull/<n>/merge lazily,
            # so its head can change to a new merge commit of the SAME heads mid-run
            # and any head comparison there is noise, not supersession.
            - name: supersede-check
              id: supersede-check
              shell: bash
              env:
                  GH_TOKEN: ${{ github.token }}
              run: |
                  case "${{ github.ref }}" in
                      refs/pull/*)
                          echo "PR merge ref is regenerated per event - skipping supersede-check"
                          echo "superseded=false" >> "$GITHUB_OUTPUT"
                          exit 0
                          ;;
                  esac
                  EXPECTED="${{ github.sha }}"
                  ACTUAL=$(gh api "repos/${GITHUB_REPOSITORY}/commits/${{ github.ref }}" --jq .sha 2>/dev/null || true)
                  if [ -n "$ACTUAL" ] && [ "$ACTUAL" != "$EXPECTED" ]; then
                      echo "Run is not the head of ${{ github.ref }} (expected ${EXPECTED:0:7}, found ${ACTUAL:0:7}) - superseded, skipping lock+deploy"
                      echo "superseded=true" >> "$GITHUB_OUTPUT"
                  else
                      echo "Run is the head of ${{ github.ref }} - proceeding"
                      echo "superseded=false" >> "$GITHUB_OUTPUT"
                  fi
            # Poll the lock branch until it is free/ours or the timeout expires.
            # Mirrors github/lock check mode: lock = branch "<env>-branch-deploy-lock" holding
            # lock.json with reason "owner:<id>" (global lock = "global-branch-deploy-lock").
            # A lock we could re-acquire ourselves counts as free: owned by us AND created by
            # the same actor (github/lock refuses cross-actor re-lock). Stale locks from an
            # earlier run of the same ref self-heal instead of dead-waiting. Same-lineage
            # deploys are serialized by the job-level concurrency group above, not here.
            - name: wait-for-lock
              id: wait-for-lock
              if: steps.supersede-check.outputs.superseded != 'true'
              shell: bash
              env:
                  GH_TOKEN: ${{ github.token }}
              run: |
                  OWNER="${{ inputs.key_owner }}"
                  ACTOR="${{ github.actor }}"
                  KEY="${{ inputs.key_prefix }}${{ inputs.key }}"
                  LOCK_BRANCH="${KEY// /-}-branch-deploy-lock"
                  GLOBAL_LOCK_BRANCH="global-branch-deploy-lock"

                  TIMEOUT="${{ inputs.wait_for_lock_timeout_in_sec }}"
                  INTERVAL="${{ inputs.wait_for_lock_poll_interval_in_sec }}"
                  if [ -z "$INTERVAL" ] || [ "$INTERVAL" -lt 1 ]; then
                      INTERVAL=10
                  fi

                  # No branch / no lock.json (the normal "no lock" state) reads as empty,
                  # which is free. A present lock must carry a reason to count as held.
                  read_lock() {
                      gh api -H "Accept: application/vnd.github.raw" "repos/${GITHUB_REPOSITORY}/contents/lock.json?ref=$1" 2>/dev/null \
                          | jq -r '(.reason // ""), (.created_by // "")' || true
                  }

                  is_free_or_owned() {
                      local branch="$1" out lock_reason lock_owner created_by
                      out=$(read_lock "$branch")
                      lock_reason=$(echo "$out" | sed -n 1p)
                      created_by=$(echo "$out" | sed -n 2p)
                      if [ -z "$lock_reason" ]; then
                          return 0
                      fi
                      lock_owner=$(echo "$lock_reason" | grep -o 'owner:[^,]*' | cut -d: -f2 || true)
                      if [ "$lock_owner" = "$OWNER" ] && { [ -z "$created_by" ] || [ "$created_by" = "$ACTOR" ]; }; then
                          return 0
                      fi
                      WAIT_OWNER="${lock_owner:-unknown}"
                      return 1
                  }

                  DEADLINE=$((SECONDS + TIMEOUT))
                  while true; do
                      if is_free_or_owned "$LOCK_BRANCH" && is_free_or_owned "$GLOBAL_LOCK_BRANCH"; then
                          echo "✓ Lock available - proceeding"
                          break
                      fi
                      if [ "$SECONDS" -ge "$DEADLINE" ]; then
                          echo "::error::Key '$KEY' is still locked by ${WAIT_OWNER:-unknown} after ${TIMEOUT}s"
                          exit 1
                      fi
                      echo "Lock held by ${WAIT_OWNER:-unknown} - retrying in ${INTERVAL}s ($((DEADLINE - SECONDS))s left)"
                      sleep "$INTERVAL"
                  done

            - name: define-lock-check-function
              if: steps.supersede-check.outputs.superseded != 'true'
              shell: bash
              run: |
                  # Define reusable function for lock ownership checking
                  cat << 'EOF' > lock_check_function.sh
                  check_lock() {
                      # Parse named parameters
                      while [[ "$#" -gt 0 ]]; do
                          case $1 in
                              --key) key="$2"; shift ;;
                              --key-owner) key_owner="$2"; shift ;;
                              --lock-reason) lock_reason="$2"; shift ;;
                              --locked) locked="$2"; shift ;;
                              --require-owned) require_owned="$2"; shift ;;
                              *) echo "Unknown parameter passed: $1"; return 1 ;;
                          esac
                          shift
                      done

                      echo "Key: $key"
                      echo "Key owner: $key_owner"
                      echo "Lock reason: $lock_reason"
                      echo "Locked: $locked"

                      local should_proceed=false
                      local is_owned_by_us=false

                      if [ "$locked" = "true" ]; then
                          echo "Lock exists, checking owner..."
                          local lock_owner=$(echo "$lock_reason" | grep -o 'owner:[^,]*' | cut -d: -f2 || true)
                          echo "Lock owner: $lock_owner"
                          echo "Current owner: $key_owner"
                          if [ "$lock_owner" = "$key_owner" ]; then
                              echo "✓ Lock is held by this owner"
                              should_proceed=true
                              is_owned_by_us=true
                          elif [ -z "$lock_owner" ]; then
                              echo "✓ Lock is available (no owner)"
                              should_proceed=true
                              is_owned_by_us=false
                          else
                              echo "✗ Lock is held by $lock_owner"
                              should_proceed=false
                              is_owned_by_us=false
                              echo "::error::Key '$key' is locked by $lock_owner"
                              return 1
                          fi
                      else
                          echo "✓ Key is not locked"
                          should_proceed=true
                          is_owned_by_us=false
                      fi

                      echo "should_proceed=$should_proceed" >> $GITHUB_OUTPUT
                      echo "is_owned_by_us=$is_owned_by_us" >> $GITHUB_OUTPUT

                      # Validate ownership requirement if specified
                      if [ "$require_owned" = "true" ] && [ "$is_owned_by_us" != "true" ]; then
                          echo "::error::Lock ownership is required but not achieved"
                          return 1
                      fi
                  }
                  EOF

            # Check lock state
            - name: get-lock-state
              uses: github/lock@9a5898804aedcdfb43592ed16b6457768d048183 # v3.0.1
              id: get-lock-state
              if: steps.supersede-check.outputs.superseded != 'true'
              with:
                  mode: "check"
                  environment: ${{ inputs.key_prefix }}${{ inputs.key }}

            - name: check-lock-state
              id: check-lock
              if: steps.supersede-check.outputs.superseded != 'true'
              shell: bash
              run: |
                  source ./lock_check_function.sh
                  check_lock \
                      --key "${{ inputs.key_prefix }}${{ inputs.key }}" \
                      --key-owner "${{ inputs.key_owner }}" \
                      --lock-reason "${{ steps.get-lock-state.outputs.reason }}" \
                      --locked "${{ steps.get-lock-state.outputs.locked }}"

            # Lock
            - name: prepare-lock-reason
              id: lock-reason
              shell: bash
              run: |
                  # Simple reason with owner information
                  REASON="owner:${{ inputs.key_owner }}"
                  echo "Lock reason: $REASON"
                  echo "reason=$REASON" >> "$GITHUB_OUTPUT"
              if: steps.check-lock.outputs.should_proceed == 'true'

            - name: lock
              uses: github/lock@9a5898804aedcdfb43592ed16b6457768d048183 # v3.0.1
              id: lock
              with:
                  mode: "lock"
                  environment: ${{ inputs.key_prefix }}${{ inputs.key }}
                  reason: ${{ steps.lock-reason.outputs.reason }}
              if: steps.check-lock.outputs.should_proceed == 'true'

            - name: wait-for-lock-to-propagate
              shell: bash
              if: inputs.check_owner_after_lock && steps.supersede-check.outputs.superseded != 'true'
              run: |
                  echo "Waiting for lock to propagate..."
                  sleep ${{ inputs.delay_check_owner_after_lock_in_sec }}

            # Recheck lock state after lock
            - name: get-lock-state-for-recheck
              uses: github/lock@9a5898804aedcdfb43592ed16b6457768d048183 # v3.0.1
              id: get-lock-state-for-recheck
              if: inputs.check_owner_after_lock && steps.supersede-check.outputs.superseded != 'true'
              with:
                  mode: "check"
                  environment: ${{ inputs.key_prefix }}${{ inputs.key }}

            - name: recheck-lock-state
              id: recheck-lock
              shell: bash
              if: steps.lock.outcome == 'success' && inputs.check_owner_after_lock
              run: |
                  source ./lock_check_function.sh
                  check_lock \
                      --key "${{ inputs.key_prefix }}${{ inputs.key }}" \
                      --key-owner "${{ inputs.key_owner }}" \
                      --lock-reason "${{ steps.get-lock-state-for-recheck.outputs.reason }}" \
                      --locked "${{ steps.get-lock-state-for-recheck.outputs.locked }}" \
                      --require-owned true

            - name: final-lock-status
              if: always()
              run: |
                  echo "=== Lock Result ==="
                  echo "Key: ${{ inputs.key_prefix }}${{ inputs.key }}"
                  echo "Owner: ${{ inputs.key_owner }}"
                  echo "Superseded: ${{ steps.supersede-check.outputs.superseded || 'false' }}"
                  echo "Status: ${{ steps.lock.outcome }}"
                  echo "Verified ownership: ${{ steps.recheck-lock.outputs.is_owned_by_us || 'N/A' }}"

            - name: create-lock-result
              if: always() && inputs.upload_result_artifact == true && steps.supersede-check.outputs.superseded != 'true'
              id: output
              shell: bash
              run: |
                  RECHECK_LOCK_OUTCOME="${{ steps.recheck-lock.outcome }}"
                  LOCK_OUTCOME="${{ steps.lock.outcome }}"

                  # Determine final status
                  # Success only when recheck-lock succeeds (or lock succeeds if recheck is disabled)
                  if [ "$RECHECK_LOCK_OUTCOME" = "success" ] || { [ "$RECHECK_LOCK_OUTCOME" = "skipped" ] && [ "$LOCK_OUTCOME" = "success" ]; }; then
                    FINAL_STATUS="success"
                  else
                    FINAL_STATUS="failure"
                  fi

                  # Create JSON file with lock result
                  cat > lock-result.json << EOF
                  {
                    "key": "${{ inputs.key }}",
                    "full_key": "${{ inputs.key_prefix }}${{ inputs.key }}",
                    "status": "$FINAL_STATUS",
                    "owner": "${{ inputs.key_owner }}"
                  }
                  EOF

                  echo "Lock result:"
                  cat lock-result.json

                  # Set job output
                  echo "lock_status=$FINAL_STATUS" >> "$GITHUB_OUTPUT"
                  echo "Set output: lock_status=$FINAL_STATUS"

            - name: upload-lock-result-artifact
              uses: actions/upload-artifact@043fb46d1a93c77aae656e7c1c64a875d1fc6a0a # v7.0.1
              if: always() && inputs.upload_result_artifact == true && steps.supersede-check.outputs.superseded != 'true'
              with:
                  name: lock-result-${{ inputs.key }}
                  path: lock-result.json
                  retention-days: 1

        outputs:
            lock_status: ${{ steps.output.outputs.lock_status }}
            superseded: ${{ steps.supersede-check.outputs.superseded }}
